{
  "name": "Blog",
  "version": "1.0.0",
  "lockfileVersion": 2,
  "requires": true,
  "packages": {
    "": {
      "version": "1.0.0",
      "dependencies": {
        "embla-carousel": "^6.0.2",
        "embla-carousel-autoplay": "^6.0.2"
      }
    },
    "node_modules/embla-carousel": {
      "version": "6.0.2",
      "resolved": "https://registry.npmjs.org/embla-carousel/-/embla-carousel-6.0.2.tgz",
      "integrity": "sha512-6unBWN0u6ryxwHxTafQs2z9VnvOT3J7FGzLlmISFWw+kPEi8k8rlReRcqvotg6BTYRjsPmpH909xhPe/7DsUYw=="
    },
    "node_modules/embla-carousel-autoplay": {
      "version": "6.0.2",
      "resolved": "https://registry.npmjs.org/embla-carousel-autoplay/-/embla-carousel-autoplay-6.0.2.tgz",
      "integrity": "sha512-S9R0GoX0D+fuKwtl6ITSSYYO2dE0eT7nQ0vhKojEBcW5sW048vLPGaZttm2Xsm52YsyaFmAmd59nseTx7n/3Gg==",
      "peerDependencies": {
        "embla-carousel": "6.0.2"
      }
    }
  },
  "dependencies": {
    "embla-carousel": {
      "version": "6.0.2",
      "resolved": "https://registry.npmjs.org/embla-carousel/-/embla-carousel-6.0.2.tgz",
      "integrity": "sha512-6unBWN0u6ryxwHxTafQs2z9VnvOT3J7FGzLlmISFWw+kPEi8k8rlReRcqvotg6BTYRjsPmpH909xhPe/7DsUYw=="
    },
    "embla-carousel-autoplay": {
      "version": "6.0.2",
      "resolved": "https://registry.npmjs.org/embla-carousel-autoplay/-/embla-carousel-autoplay-6.0.2.tgz",
      "integrity": "sha512-S9R0GoX0D+fuKwtl6ITSSYYO2dE0eT7nQ0vhKojEBcW5sW048vLPGaZttm2Xsm52YsyaFmAmd59nseTx7n/3Gg==",
      "requires": {}
    }
  }
}
